
Microsoft Visual Studio Solution File, Format Version 12.00
Project("{FAE04EC0-301F-11D3-BF4B-00C04F79EFBC}") = "CourgeToujoursAPI", "CourgeToujoursAPI\CourgeToujoursAPI.csproj", "{B723AFBB-6BC1-438B-99AA-251C0F1547D3}"
EndProject
Project("{FAE04EC0-301F-11D3-BF4B-00C04F79EFBC}") = "CourgeToujoursAPI.BLL", "CourgeToujoursAPI.BLL\CourgeToujoursAPI.BLL.csproj", "{CFFBC597-D2A1-427E-9455-D5B810D6C9E1}"
EndProject
Project("{FAE04EC0-301F-11D3-BF4B-00C04F79EFBC}") = "CourgeToujoursAPI.DAL", "CourgeToujoursAPI.DAL\CourgeToujoursAPI.DAL.csproj", "{26EA8CF9-21E1-4284-9A0B-4F318203C498}"
EndProject
Global
	GlobalSection(SolutionConfigurationPlatforms) = preSolution
		Debug|Any CPU = Debug|Any CPU
		Release|Any CPU = Release|Any CPU
	EndGlobalSection
	GlobalSection(ProjectConfigurationPlatforms) = postSolution
		{B723AFBB-6BC1-438B-99AA-251C0F1547D3}.Debug|Any CPU.ActiveCfg = Debug|Any CPU
		{B723AFBB-6BC1-438B-99AA-251C0F1547D3}.Debug|Any CPU.Build.0 = Debug|Any CPU
		{B723AFBB-6BC1-438B-99AA-251C0F1547D3}.Release|Any CPU.ActiveCfg = Release|Any CPU
		{B723AFBB-6BC1-438B-99AA-251C0F1547D3}.Release|Any CPU.Build.0 = Release|Any CPU
		{CFFBC597-D2A1-427E-9455-D5B810D6C9E1}.Debug|Any CPU.ActiveCfg = Debug|Any CPU
		{CFFBC597-D2A1-427E-9455-D5B810D6C9E1}.Debug|Any CPU.Build.0 = Debug|Any CPU
		{CFFBC597-D2A1-427E-9455-D5B810D6C9E1}.Release|Any CPU.ActiveCfg = Release|Any CPU
		{CFFBC597-D2A1-427E-9455-D5B810D6C9E1}.Release|Any CPU.Build.0 = Release|Any CPU
		{26EA8CF9-21E1-4284-9A0B-4F318203C498}.Debug|Any CPU.ActiveCfg = Debug|Any CPU
		{26EA8CF9-21E1-4284-9A0B-4F318203C498}.Debug|Any CPU.Build.0 = Debug|Any CPU
		{26EA8CF9-21E1-4284-9A0B-4F318203C498}.Release|Any CPU.ActiveCfg = Release|Any CPU
		{26EA8CF9-21E1-4284-9A0B-4F318203C498}.Release|Any CPU.Build.0 = Release|Any CPU
	EndGlobalSection
EndGlobal
